{
    "name": "sharp-entity-list",
    "version": "1.0.0",
    "lockfileVersion": 1,
    "requires": true,
    "dependencies": {
        "sharp-commands": {
            "version": "file:../commands",
            "requires": {
                "sharp-form": "file:../form",
                "sharp-ui": "file:../ui"
            }
        },
        "sharp-filters": {
            "version": "file:../filters",
            "requires": {
                "sharp-form": "file:../form"
            }
        },
        "sharp-ui": {
            "version": "file:../ui",
            "requires": {
                "sharp-filters": "file:../filters"
            }
        }
    }
}
