{
    "name": "sharp-form",
    "version": "1.0.0",
    "lockfileVersion": 2,
    "requires": true,
    "packages": {
        "": {
            "name": "sharp-form",
            "version": "1.0.0",
            "dependencies": {
                "sharp-files": "file:../files",
                "sharp-ui": "file:../ui"
            }
        },
        "../files": {
            "version": "1.0.0"
        },
        "../ui": {
            "name": "sharp-ui",
            "version": "1.0.0"
        },
        "node_modules/sharp-files": {
            "resolved": "../files",
            "link": true
        },
        "node_modules/sharp-ui": {
            "resolved": "../ui",
            "link": true
        }
    },
    "dependencies": {
        "sharp-files": {
            "version": "file:../files"
        },
        "sharp-ui": {
            "version": "file:../ui"
        }
    }
}
