{
  "name": "tests-e2e",
  "version": "1.0.0",
  "lockfileVersion": 3,
  "requires": true,
  "packages": {
    "": {
      "name": "tests-e2e",
      "version": "1.0.0",
      "license": "ISC",
      "devDependencies": {
        "@internationalized/date": "^3.7.0",
        "@playwright/test": "^1.50.0",
        "@types/node": "^22.10.1",
        "dotenv": "^16.4.5"
      }
    },
    "node_modules/@internationalized/date": {
      "version": "3.7.0",
      "resolved": "https://registry.npmjs.org/@internationalized/date/-/date-3.7.0.tgz",
      "integrity": "sha512-VJ5WS3fcVx0bejE/YHfbDKR/yawZgKqn/if+oEeLqNwBtPzVB06olkfcnojTmEMX+gTpH+FlQ69SHNitJ8/erQ==",
      "dev": true,
      "dependencies": {
        "@swc/helpers": "^0.5.0"
      }
    },
    "node_modules/@playwright/test": {
      "version": "1.50.0",
      "resolved": "https://registry.npmjs.org/@playwright/test/-/test-1.50.0.tgz",
      "integrity": "sha512-ZGNXbt+d65EGjBORQHuYKj+XhCewlwpnSd/EDuLPZGSiEWmgOJB5RmMCCYGy5aMfTs9wx61RivfDKi8H/hcMvw==",
      "dev": true,
      "dependencies": {
        "playwright": "1.50.0"
      },
      "bin": {
        "playwright": "cli.js"
      },
      "engines": {
        "node": ">=18"
      }
    },
    "node_modules/@swc/helpers": {
      "version": "0.5.15",
      "resolved": "https://registry.npmjs.org/@swc/helpers/-/helpers-0.5.15.tgz",
      "integrity": "sha512-JQ5TuMi45Owi4/BIMAJBoSQoOJu12oOk/gADqlcUL9JEdHB8vyjUSsxqeNXnmXHjYKMi2WcYtezGEEhqUI/E2g==",
      "dev": true,
      "dependencies": {
        "tslib": "^2.8.0"
      }
    },
    "node_modules/@types/node": {
      "version": "22.10.1",
      "resolved": "https://registry.npmjs.org/@types/node/-/node-22.10.1.tgz",
      "integrity": "sha512-qKgsUwfHZV2WCWLAnVP1JqnpE6Im6h3Y0+fYgMTasNQ7V++CBX5OT1as0g0f+OyubbFqhf6XVNIsmN4IIhEgGQ==",
      "dev": true,
      "dependencies": {
        "undici-types": "~6.20.0"
      }
    },
    "node_modules/dotenv": {
      "version": "16.4.5",
      "resolved": "https://registry.npmjs.org/dotenv/-/dotenv-16.4.5.tgz",
      "integrity": "sha512-ZmdL2rui+eB2YwhsWzjInR8LldtZHGDoQ1ugH85ppHKwpUHL7j7rN0Ti9NCnGiQbhaZ11FpR+7ao1dNsmduNUg==",
      "dev": true,
      "engines": {
        "node": ">=12"
      },
      "funding": {
        "url": "https://dotenvx.com"
      }
    },
    "node_modules/fsevents": {
      "version": "2.3.2",
      "resolved": "https://registry.npmjs.org/fsevents/-/fsevents-2.3.2.tgz",
      "integrity": "sha512-xiqMQR4xAeHTuB9uWm+fFRcIOgKBMiOBP+eXiyT7jsgVCq1bkVygt00oASowB7EdtpOHaaPgKt812P9ab+DDKA==",
      "dev": true,
      "hasInstallScript": true,
      "optional": true,
      "os": [
        "darwin"
      ],
      "engines": {
        "node": "^8.16.0 || ^10.6.0 || >=11.0.0"
      }
    },
    "node_modules/playwright": {
      "version": "1.50.0",
      "resolved": "https://registry.npmjs.org/playwright/-/playwright-1.50.0.tgz",
      "integrity": "sha512-+GinGfGTrd2IfX1TA4N2gNmeIksSb+IAe589ZH+FlmpV3MYTx6+buChGIuDLQwrGNCw2lWibqV50fU510N7S+w==",
      "dev": true,
      "dependencies": {
        "playwright-core": "1.50.0"
      },
      "bin": {
        "playwright": "cli.js"
      },
      "engines": {
        "node": ">=18"
      },
      "optionalDependencies": {
        "fsevents": "2.3.2"
      }
    },
    "node_modules/playwright-core": {
      "version": "1.50.0",
      "resolved": "https://registry.npmjs.org/playwright-core/-/playwright-core-1.50.0.tgz",
      "integrity": "sha512-CXkSSlr4JaZs2tZHI40DsZUN/NIwgaUPsyLuOAaIZp2CyF2sN5MM5NJsyB188lFSSozFxQ5fPT4qM+f0tH/6wQ==",
      "dev": true,
      "bin": {
        "playwright-core": "cli.js"
      },
      "engines": {
        "node": ">=18"
      }
    },
    "node_modules/tslib": {
      "version": "2.8.1",
      "resolved": "https://registry.npmjs.org/tslib/-/tslib-2.8.1.tgz",
      "integrity": "sha512-oJFu94HQb+KVduSUQL7wnpmqnfmLsOA/nAh6b6EH0wCEoK0/mPeXU6c3wKDV83MkOuHPRHtSXKKU99IBazS/2w==",
      "dev": true
    },
    "node_modules/undici-types": {
      "version": "6.20.0",
      "resolved": "https://registry.npmjs.org/undici-types/-/undici-types-6.20.0.tgz",
      "integrity": "sha512-Ny6QZ2Nju20vw1SRHe3d9jVu6gJ+4e3+MMpqu7pqE5HT6WsTSlce++GQmK5UXS8mzV8DSYHrQH+Xrf2jVcuKNg==",
      "dev": true
    }
  }
}
